
Microsoft Visual Studio Solution File, Format Version 12.00
# Visual Studio Version 16
VisualStudioVersion = 16.0.30011.22
MinimumVisualStudioVersion = 10.0.40219.1
Project("{FAE04EC0-301F-11D3-BF4B-00C04F79EFBC}") = "LibraryManagement", "LibraryManagement\LibraryManagement.csproj", "{796F7E3E-977D-4B20-BF12-FF4F5B480095}"
EndProject
Global
	GlobalSection(SolutionConfigurationPlatforms) = preSolution
		Debug|Any CPU = Debug|Any CPU
		Release|Any CPU = Release|Any CPU
	EndGlobalSection
	GlobalSection(ProjectConfigurationPlatforms) = postSolution
		{796F7E3E-977D-4B20-BF12-FF4F5B480095}.Debug|Any CPU.ActiveCfg = Debug|Any CPU
		{796F7E3E-977D-4B20-BF12-FF4F5B480095}.Debug|Any CPU.Build.0 = Debug|Any CPU
		{796F7E3E-977D-4B20-BF12-FF4F5B480095}.Release|Any CPU.ActiveCfg = Release|Any CPU
		{796F7E3E-977D-4B20-BF12-FF4F5B480095}.Release|Any CPU.Build.0 = Release|Any CPU
	EndGlobalSection
	GlobalSection(SolutionProperties) = preSolution
		HideSolutionNode = FALSE
	EndGlobalSection
	GlobalSection(ExtensibilityGlobals) = postSolution
		SolutionGuid = {DBFD994C-707E-4E28-AAA0-09CE97565566}
	EndGlobalSection
EndGlobal
